
Microsoft Visual Studio Solution File, Format Version 12.00
# Visual Studio Version 17
VisualStudioVersion = 17.7.34024.191
MinimumVisualStudioVersion = 10.0.40219.1
Project("{FAE04EC0-301F-11D3-BF4B-00C04F79EFBC}") = "BurgerSiparis", "BurgerSiparis\BurgerSiparis.csproj", "{F073C62D-BA58-4892-A9F7-9AF9FCBD5220}"
EndProject
Global
	GlobalSection(SolutionConfigurationPlatforms) = preSolution
		Debug|Any CPU = Debug|Any CPU
		Release|Any CPU = Release|Any CPU
	EndGlobalSection
	GlobalSection(ProjectConfigurationPlatforms) = postSolution
		{F073C62D-BA58-4892-A9F7-9AF9FCBD5220}.Debug|Any CPU.ActiveCfg = Debug|Any CPU
		{F073C62D-BA58-4892-A9F7-9AF9FCBD5220}.Debug|Any CPU.Build.0 = Debug|Any CPU
		{F073C62D-BA58-4892-A9F7-9AF9FCBD5220}.Release|Any CPU.ActiveCfg = Release|Any CPU
		{F073C62D-BA58-4892-A9F7-9AF9FCBD5220}.Release|Any CPU.Build.0 = Release|Any CPU
	EndGlobalSection
	GlobalSection(SolutionProperties) = preSolution
		HideSolutionNode = FALSE
	EndGlobalSection
	GlobalSection(ExtensibilityGlobals) = postSolution
		SolutionGuid = {C776072E-4604-4B26-B458-A7C0032E5EB1}
	EndGlobalSection
EndGlobal
